// !$*UTF8*$!
{
	archiveVersion = 1;
	classes = {
	};
	objectVersion = 46;
	objects = {

/* Begin PBXBuildFile section */
		F4671AAD17F01C3600114530 /* plotViewController.mm in Sources */ = {isa = PBXBuildFile; fileRef = F4671AAC17F01C3600114530 /* plotViewController.mm */; };
		F47EB58A17D48958009D88BB /* MainStoryboard_iPad.storyboard in Resources */ = {isa = PBXBuildFile; fileRef = F47EB58817D48958009D88BB /* MainStoryboard_iPad.storyboard */; };
		F4AB60C217DDFF660076CDCE /* MessageUI.framework in Frameworks */ = {isa = PBXBuildFile; fileRef = F4AB60C117DDFF660076CDCE /* MessageUI.framework */; };
		F4C942F817EEE86A0000668B /* libCorePlot-CocoaTouch.a in Frameworks */ = {isa = PBXBuildFile; fileRef = F4C942F717EEE86A0000668B /* libCorePlot-CocoaTouch.a */; };
		F4CAEABD17DF0A7F004EB9D2 /* CVPlotting.cpp in Sources */ = {isa = PBXBuildFile; fileRef = F4CAEABA17DF0A7F004EB9D2 /* CVPlotting.cpp */; };
		F4CCF1F218B38E0A008FDF42 /* icon1_29.png in Resources */ = {isa = PBXBuildFile; fileRef = F4CCF1E718B38E0A008FDF42 /* icon1_29.png */; };
		F4CCF1F318B38E0A008FDF42 /* icon1_40.png in Resources */ = {isa = PBXBuildFile; fileRef = F4CCF1E818B38E0A008FDF42 /* icon1_40.png */; };
		F4CCF1F418B38E0A008FDF42 /* icon1_58.png in Resources */ = {isa = PBXBuildFile; fileRef = F4CCF1E918B38E0A008FDF42 /* icon1_58.png */; };
		F4CCF1F518B38E0A008FDF42 /* icon1_76.png in Resources */ = {isa = PBXBuildFile; fileRef = F4CCF1EA18B38E0A008FDF42 /* icon1_76.png */; };
		F4CCF1F618B38E0A008FDF42 /* icon1_80.png in Resources */ = {isa = PBXBuildFile; fileRef = F4CCF1EB18B38E0A008FDF42 /* icon1_80.png */; };
		F4CCF1F718B38E0A008FDF42 /* icon1_120.png in Resources */ = {isa = PBXBuildFile; fileRef = F4CCF1EC18B38E0A008FDF42 /* icon1_120.png */; };
		F4CCF1F818B38E0A008FDF42 /* icon1_152.png in Resources */ = {isa = PBXBuildFile; fileRef = F4CCF1ED18B38E0A008FDF42 /* icon1_152.png */; };
		F4CCF1F918B38E0A008FDF42 /* icon1_300.png in Resources */ = {isa = PBXBuildFile; fileRef = F4CCF1EE18B38E0A008FDF42 /* icon1_300.png */; };
		F4CCF1FA18B38E0A008FDF42 /* icon1_400.png in Resources */ = {isa = PBXBuildFile; fileRef = F4CCF1EF18B38E0A008FDF42 /* icon1_400.png */; };
		F4CCF1FB18B38E0A008FDF42 /* icon1_600.png in Resources */ = {isa = PBXBuildFile; fileRef = F4CCF1F018B38E0A008FDF42 /* icon1_600.png */; };
		F4CCF1FC18B38E0A008FDF42 /* icon1_700.png in Resources */ = {isa = PBXBuildFile; fileRef = F4CCF1F118B38E0A008FDF42 /* icon1_700.png */; };
		F4CCF1FE18B39826008FDF42 /* Images.xcassets in Resources */ = {isa = PBXBuildFile; fileRef = F4CCF1FD18B39826008FDF42 /* Images.xcassets */; };
		F4CCF20518B398B8008FDF42 /* launch_640_960.png in Resources */ = {isa = PBXBuildFile; fileRef = F4CCF20018B398B8008FDF42 /* launch_640_960.png */; };
		F4CCF20618B398B8008FDF42 /* launch_640_1136.png in Resources */ = {isa = PBXBuildFile; fileRef = F4CCF20118B398B8008FDF42 /* launch_640_1136.png */; };
		F4CCF20718B398B8008FDF42 /* launch_768_1004.png in Resources */ = {isa = PBXBuildFile; fileRef = F4CCF20218B398B8008FDF42 /* launch_768_1004.png */; };
		F4CCF20818B398B8008FDF42 /* launch_1536_2008.png in Resources */ = {isa = PBXBuildFile; fileRef = F4CCF20318B398B8008FDF42 /* launch_1536_2008.png */; };
		F4CCF20A18B39963008FDF42 /* launch_320_480.png in Resources */ = {isa = PBXBuildFile; fileRef = F4CCF20918B39963008FDF42 /* launch_320_480.png */; };
		F4CCF21018B3ECED008FDF42 /* launch_1536_2048.png in Resources */ = {isa = PBXBuildFile; fileRef = F4CCF20F18B3ECED008FDF42 /* launch_1536_2048.png */; };
		F4CCF21218B3EDCC008FDF42 /* launch_1024_768.png in Resources */ = {isa = PBXBuildFile; fileRef = F4CCF21118B3EDCC008FDF42 /* launch_1024_768.png */; };
		F4CCF21518B3F838008FDF42 /* background.png in Resources */ = {isa = PBXBuildFile; fileRef = F4CCF21318B3F838008FDF42 /* background.png */; };
		F4CCF21618B3F838008FDF42 /* background1.png in Resources */ = {isa = PBXBuildFile; fileRef = F4CCF21418B3F838008FDF42 /* background1.png */; };
		F4D1746C172EE38F00169795 /* UIKit.framework in Frameworks */ = {isa = PBXBuildFile; fileRef = F4D1746B172EE38F00169795 /* UIKit.framework */; };
		F4D1746E172EE38F00169795 /* Foundation.framework in Frameworks */ = {isa = PBXBuildFile; fileRef = F4D1746D172EE38F00169795 /* Foundation.framework */; };
		F4D17470172EE38F00169795 /* CoreGraphics.framework in Frameworks */ = {isa = PBXBuildFile; fileRef = F4D1746F172EE38F00169795 /* CoreGraphics.framework */; };
		F4D17476172EE38F00169795 /* InfoPlist.strings in Resources */ = {isa = PBXBuildFile; fileRef = F4D17474172EE38F00169795 /* InfoPlist.strings */; };
		F4D17478172EE38F00169795 /* main.m in Sources */ = {isa = PBXBuildFile; fileRef = F4D17477172EE38F00169795 /* main.m */; };
		F4D1747C172EE38F00169795 /* com_gmail_simonwosborneAppDelegate.m in Sources */ = {isa = PBXBuildFile; fileRef = F4D1747B172EE38F00169795 /* com_gmail_simonwosborneAppDelegate.m */; };
		F4D17485172EE38F00169795 /* MainStoryboard_iPhone.storyboard in Resources */ = {isa = PBXBuildFile; fileRef = F4D17483172EE38F00169795 /* MainStoryboard_iPhone.storyboard */; };
		F4D1748B172EE38F00169795 /* com_gmail_simonwosborneViewController.mm in Sources */ = {isa = PBXBuildFile; fileRef = F4D1748A172EE38F00169795 /* com_gmail_simonwosborneViewController.mm */; };
		F4D17493172EE39000169795 /* SenTestingKit.framework in Frameworks */ = {isa = PBXBuildFile; fileRef = F4D17492172EE39000169795 /* SenTestingKit.framework */; };
		F4D17494172EE39000169795 /* UIKit.framework in Frameworks */ = {isa = PBXBuildFile; fileRef = F4D1746B172EE38F00169795 /* UIKit.framework */; };
		F4D17495172EE39000169795 /* Foundation.framework in Frameworks */ = {isa = PBXBuildFile; fileRef = F4D1746D172EE38F00169795 /* Foundation.framework */; };
		F4D1749D172EE39000169795 /* InfoPlist.strings in Resources */ = {isa = PBXBuildFile; fileRef = F4D1749B172EE39000169795 /* InfoPlist.strings */; };
		F4D174A0172EE39000169795 /* MovEd1Tests.m in Sources */ = {isa = PBXBuildFile; fileRef = F4D1749F172EE39000169795 /* MovEd1Tests.m */; };
		F4D174B0172EE43000169795 /* Accelerate.framework in Frameworks */ = {isa = PBXBuildFile; fileRef = F4D174A9172EE43000169795 /* Accelerate.framework */; };
		F4D174B1172EE43000169795 /* AVFoundation.framework in Frameworks */ = {isa = PBXBuildFile; fileRef = F4D174AA172EE43000169795 /* AVFoundation.framework */; };
		F4D174B2172EE43000169795 /* CoreImage.framework in Frameworks */ = {isa = PBXBuildFile; fileRef = F4D174AB172EE43000169795 /* CoreImage.framework */; };
		F4D174B3172EE43000169795 /* CoreVideo.framework in Frameworks */ = {isa = PBXBuildFile; fileRef = F4D174AC172EE43000169795 /* CoreVideo.framework */; };
		F4D174B4172EE43000169795 /* libc++.1.dylib in Frameworks */ = {isa = PBXBuildFile; fileRef = F4D174AD172EE43000169795 /* libc++.1.dylib */; };
		F4D174B5172EE43000169795 /* libc++.dylib in Frameworks */ = {isa = PBXBuildFile; fileRef = F4D174AE172EE43000169795 /* libc++.dylib */; };
		F4D174B6172EE43000169795 /* QuartzCore.framework in Frameworks */ = {isa = PBXBuildFile; fileRef = F4D174AF172EE43000169795 /* QuartzCore.framework */; };
		F4D174BB172EE84700169795 /* AssetsLibrary.framework in Frameworks */ = {isa = PBXBuildFile; fileRef = F4D174B9172EE84700169795 /* AssetsLibrary.framework */; };
		F4D174BC172EE84700169795 /* CoreMedia.framework in Frameworks */ = {isa = PBXBuildFile; fileRef = F4D174BA172EE84700169795 /* CoreMedia.framework */; };
		F4D174C0172EEF8000169795 /* opencv2.framework in Frameworks */ = {isa = PBXBuildFile; fileRef = F4D174BF172EEF8000169795 /* opencv2.framework */; };
		F4E0774617CBF9C50043FC7B /* CVProcessing.cpp in Sources */ = {isa = PBXBuildFile; fileRef = F4E0774417CBF9C50043FC7B /* CVProcessing.cpp */; };
		F4E1209B17D9CDC2005CB1BF /* CVCalib.cpp in Sources */ = {isa = PBXBuildFile; fileRef = F4E1209917D9CDC2005CB1BF /* CVCalib.cpp */; };
/* End PBXBuildFile section */

/* Begin PBXContainerItemProxy section */
		F4D17496172EE39000169795 /* PBXContainerItemProxy */ = {
			isa = PBXContainerItemProxy;
			containerPortal = F4D17460172EE38F00169795 /* Project object */;
			proxyType = 1;
			remoteGlobalIDString = F4D17467172EE38F00169795;
			remoteInfo = MovEd1;
		};
/* End PBXContainerItemProxy section */

/* Begin PBXFileReference section */
		F4671AAC17F01C3600114530 /* plotViewController.mm */ = {isa = PBXFileReference; fileEncoding = 4; lastKnownFileType = sourcecode.cpp.objcpp; path = plotViewController.mm; sourceTree = "<group>"; };
		F47EB58917D48958009D88BB /* en */ = {isa = PBXFileReference; lastKnownFileType = file.storyboard; name = en; path = en.lproj/MainStoryboard_iPad.storyboard; sourceTree = "<group>"; };
		F4AB60C117DDFF660076CDCE /* MessageUI.framework */ = {isa = PBXFileReference; lastKnownFileType = wrapper.framework; name = MessageUI.framework; path = System/Library/Frameworks/MessageUI.framework; sourceTree = SDKROOT; };
		F4C942A617EEDD240000668B /* plotViewController.h */ = {isa = PBXFileReference; fileEncoding = 4; lastKnownFileType = sourcecode.c.h; path = plotViewController.h; sourceTree = "<group>"; };
		F4C942AA17EEE8560000668B /* CorePlot-CocoaTouch.h */ = {isa = PBXFileReference; fileEncoding = 4; lastKnownFileType = sourcecode.c.h; path = "CorePlot-CocoaTouch.h"; sourceTree = "<group>"; };
		F4C942AB17EEE8560000668B /* CPTAnimation.h */ = {isa = PBXFileReference; fileEncoding = 4; lastKnownFileType = sourcecode.c.h; path = CPTAnimation.h; sourceTree = "<group>"; };
		F4C942AC17EEE8560000668B /* CPTAnimationOperation.h */ = {isa = PBXFileReference; fileEncoding = 4; lastKnownFileType = sourcecode.c.h; path = CPTAnimationOperation.h; sourceTree = "<group>"; };
		F4C942AD17EEE8560000668B /* CPTAnimationPeriod.h */ = {isa = PBXFileReference; fileEncoding = 4; lastKnownFileType = sourcecode.c.h; path = CPTAnimationPeriod.h; sourceTree = "<group>"; };
		F4C942AE17EEE8560000668B /* CPTAnnotation.h */ = {isa = PBXFileReference; fileEncoding = 4; lastKnownFileType = sourcecode.c.h; path = CPTAnnotation.h; sourceTree = "<group>"; };
		F4C942AF17EEE8560000668B /* CPTAnnotationHostLayer.h */ = {isa = PBXFileReference; fileEncoding = 4; lastKnownFileType = sourcecode.c.h; path = CPTAnnotationHostLayer.h; sourceTree = "<group>"; };
		F4C942B017EEE8560000668B /* CPTAxis.h */ = {isa = PBXFileReference; fileEncoding = 4; lastKnownFileType = sourcecode.c.h; path = CPTAxis.h; sourceTree = "<group>"; };
		F4C942B117EEE8560000668B /* CPTAxisLabel.h */ = {isa = PBXFileReference; fileEncoding = 4; lastKnownFileType = sourcecode.c.h; path = CPTAxisLabel.h; sourceTree = "<group>"; };
		F4C942B217EEE8560000668B /* CPTAxisLabelGroup.h */ = {isa = PBXFileReference; fileEncoding = 4; lastKnownFileType = sourcecode.c.h; path = CPTAxisLabelGroup.h; sourceTree = "<group>"; };
		F4C942B317EEE8560000668B /* CPTAxisSet.h */ = {isa = PBXFileReference; fileEncoding = 4; lastKnownFileType = sourcecode.c.h; path = CPTAxisSet.h; sourceTree = "<group>"; };
		F4C942B417EEE8560000668B /* CPTAxisTitle.h */ = {isa = PBXFileReference; fileEncoding = 4; lastKnownFileType = sourcecode.c.h; path = CPTAxisTitle.h; sourceTree = "<group>"; };
		F4C942B517EEE8560000668B /* CPTBarPlot.h */ = {isa = PBXFileReference; fileEncoding = 4; lastKnownFileType = sourcecode.c.h; path = CPTBarPlot.h; sourceTree = "<group>"; };
		F4C942B617EEE8560000668B /* CPTBorderedLayer.h */ = {isa = PBXFileReference; fileEncoding = 4; lastKnownFileType = sourcecode.c.h; path = CPTBorderedLayer.h; sourceTree = "<group>"; };
		F4C942B717EEE8560000668B /* CPTCalendarFormatter.h */ = {isa = PBXFileReference; fileEncoding = 4; lastKnownFileType = sourcecode.c.h; path = CPTCalendarFormatter.h; sourceTree = "<group>"; };
		F4C942B817EEE8560000668B /* CPTColor.h */ = {isa = PBXFileReference; fileEncoding = 4; lastKnownFileType = sourcecode.c.h; path = CPTColor.h; sourceTree = "<group>"; };
		F4C942B917EEE8560000668B /* CPTColorSpace.h */ = {isa = PBXFileReference; fileEncoding = 4; lastKnownFileType = sourcecode.c.h; path = CPTColorSpace.h; sourceTree = "<group>"; };
		F4C942BA17EEE8560000668B /* CPTConstraints.h */ = {isa = PBXFileReference; fileEncoding = 4; lastKnownFileType = sourcecode.c.h; path = CPTConstraints.h; sourceTree = "<group>"; };
		F4C942BB17EEE8560000668B /* CPTDataSourceTestCase.h */ = {isa = PBXFileReference; fileEncoding = 4; lastKnownFileType = sourcecode.c.h; path = CPTDataSourceTestCase.h; sourceTree = "<group>"; };
		F4C942BC17EEE8560000668B /* CPTDefinitions.h */ = {isa = PBXFileReference; fileEncoding = 4; lastKnownFileType = sourcecode.c.h; path = CPTDefinitions.h; sourceTree = "<group>"; };
		F4C942BD17EEE8560000668B /* CPTDerivedXYGraph.h */ = {isa = PBXFileReference; fileEncoding = 4; lastKnownFileType = sourcecode.c.h; path = CPTDerivedXYGraph.h; sourceTree = "<group>"; };
		F4C942BE17EEE8560000668B /* CPTExceptions.h */ = {isa = PBXFileReference; fileEncoding = 4; lastKnownFileType = sourcecode.c.h; path = CPTExceptions.h; sourceTree = "<group>"; };
		F4C942BF17EEE8560000668B /* CPTFill.h */ = {isa = PBXFileReference; fileEncoding = 4; lastKnownFileType = sourcecode.c.h; path = CPTFill.h; sourceTree = "<group>"; };
		F4C942C017EEE8560000668B /* CPTGradient.h */ = {isa = PBXFileReference; fileEncoding = 4; lastKnownFileType = sourcecode.c.h; path = CPTGradient.h; sourceTree = "<group>"; };
		F4C942C117EEE8560000668B /* CPTGraph.h */ = {isa = PBXFileReference; fileEncoding = 4; lastKnownFileType = sourcecode.c.h; path = CPTGraph.h; sourceTree = "<group>"; };
		F4C942C217EEE8560000668B /* CPTGraphHostingView.h */ = {isa = PBXFileReference; fileEncoding = 4; lastKnownFileType = sourcecode.c.h; path = CPTGraphHostingView.h; sourceTree = "<group>"; };
		F4C942C317EEE8560000668B /* CPTGridLineGroup.h */ = {isa = PBXFileReference; fileEncoding = 4; lastKnownFileType = sourcecode.c.h; path = CPTGridLineGroup.h; sourceTree = "<group>"; };
		F4C942C417EEE8560000668B /* CPTGridLines.h */ = {isa = PBXFileReference; fileEncoding = 4; lastKnownFileType = sourcecode.c.h; path = CPTGridLines.h; sourceTree = "<group>"; };
		F4C942C517EEE8560000668B /* CPTImage.h */ = {isa = PBXFileReference; fileEncoding = 4; lastKnownFileType = sourcecode.c.h; path = CPTImage.h; sourceTree = "<group>"; };
		F4C942C617EEE8560000668B /* CPTLayer.h */ = {isa = PBXFileReference; fileEncoding = 4; lastKnownFileType = sourcecode.c.h; path = CPTLayer.h; sourceTree = "<group>"; };
		F4C942C717EEE8560000668B /* CPTLayerAnnotation.h */ = {isa = PBXFileReference; fileEncoding = 4; lastKnownFileType = sourcecode.c.h; path = CPTLayerAnnotation.h; sourceTree = "<group>"; };
		F4C942C817EEE8560000668B /* CPTLegend.h */ = {isa = PBXFileReference; fileEncoding = 4; lastKnownFileType = sourcecode.c.h; path = CPTLegend.h; sourceTree = "<group>"; };
		F4C942C917EEE8560000668B /* CPTLegendEntry.h */ = {isa = PBXFileReference; fileEncoding = 4; lastKnownFileType = sourcecode.c.h; path = CPTLegendEntry.h; sourceTree = "<group>"; };
		F4C942CA17EEE8560000668B /* CPTLimitBand.h */ = {isa = PBXFileReference; fileEncoding = 4; lastKnownFileType = sourcecode.c.h; path = CPTLimitBand.h; sourceTree = "<group>"; };
		F4C942CB17EEE8560000668B /* CPTLineCap.h */ = {isa = PBXFileReference; fileEncoding = 4; lastKnownFileType = sourcecode.c.h; path = CPTLineCap.h; sourceTree = "<group>"; };
		F4C942CC17EEE8560000668B /* CPTLineStyle.h */ = {isa = PBXFileReference; fileEncoding = 4; lastKnownFileType = sourcecode.c.h; path = CPTLineStyle.h; sourceTree = "<group>"; };
		F4C942CD17EEE8560000668B /* CPTMutableLineStyle.h */ = {isa = PBXFileReference; fileEncoding = 4; lastKnownFileType = sourcecode.c.h; path = CPTMutableLineStyle.h; sourceTree = "<group>"; };
		F4C942CE17EEE8560000668B /* CPTMutableNumericData+TypeConversion.h */ = {isa = PBXFileReference; fileEncoding = 4; lastKnownFileType = sourcecode.c.h; path = "CPTMutableNumericData+TypeConversion.h"; sourceTree = "<group>"; };
		F4C942CF17EEE8560000668B /* CPTMutableNumericData.h */ = {isa = PBXFileReference; fileEncoding = 4; lastKnownFileType = sourcecode.c.h; path = CPTMutableNumericData.h; sourceTree = "<group>"; };
		F4C942D017EEE8560000668B /* CPTMutablePlotRange.h */ = {isa = PBXFileReference; fileEncoding = 4; lastKnownFileType = sourcecode.c.h; path = CPTMutablePlotRange.h; sourceTree = "<group>"; };
		F4C942D117EEE8560000668B /* CPTMutableShadow.h */ = {isa = PBXFileReference; fileEncoding = 4; lastKnownFileType = sourcecode.c.h; path = CPTMutableShadow.h; sourceTree = "<group>"; };
		F4C942D217EEE8560000668B /* CPTMutableTextStyle.h */ = {isa = PBXFileReference; fileEncoding = 4; lastKnownFileType = sourcecode.c.h; path = CPTMutableTextStyle.h; sourceTree = "<group>"; };
		F4C942D317EEE8560000668B /* CPTNumericData+TypeConversion.h */ = {isa = PBXFileReference; fileEncoding = 4; lastKnownFileType = sourcecode.c.h; path = "CPTNumericData+TypeConversion.h"; sourceTree = "<group>"; };
		F4C942D417EEE8560000668B /* CPTNumericData.h */ = {isa = PBXFileReference; fileEncoding = 4; lastKnownFileType = sourcecode.c.h; path = CPTNumericData.h; sourceTree = "<group>"; };
		F4C942D517EEE8560000668B /* CPTNumericDataType.h */ = {isa = PBXFileReference; fileEncoding = 4; lastKnownFileType = sourcecode.c.h; path = CPTNumericDataType.h; sourceTree = "<group>"; };
		F4C942D617EEE8560000668B /* CPTPathExtensions.h */ = {isa = PBXFileReference; fileEncoding = 4; lastKnownFileType = sourcecode.c.h; path = CPTPathExtensions.h; sourceTree = "<group>"; };
		F4C942D717EEE8560000668B /* CPTPieChart.h */ = {isa = PBXFileReference; fileEncoding = 4; lastKnownFileType = sourcecode.c.h; path = CPTPieChart.h; sourceTree = "<group>"; };
		F4C942D817EEE8560000668B /* CPTPlatformSpecificCategories.h */ = {isa = PBXFileReference; fileEncoding = 4; lastKnownFileType = sourcecode.c.h; path = CPTPlatformSpecificCategories.h; sourceTree = "<group>"; };
		F4C942D917EEE8560000668B /* CPTPlatformSpecificDefines.h */ = {isa = PBXFileReference; fileEncoding = 4; lastKnownFileType = sourcecode.c.h; path = CPTPlatformSpecificDefines.h; sourceTree = "<group>"; };
		F4C942DA17EEE8560000668B /* CPTPlatformSpecificFunctions.h */ = {isa = PBXFileReference; fileEncoding = 4; lastKnownFileType = sourcecode.c.h; path = CPTPlatformSpecificFunctions.h; sourceTree = "<group>"; };
		F4C942DB17EEE8560000668B /* CPTPlot.h */ = {isa = PBXFileReference; fileEncoding = 4; lastKnownFileType = sourcecode.c.h; path = CPTPlot.h; sourceTree = "<group>"; };
		F4C942DC17EEE8560000668B /* CPTPlotArea.h */ = {isa = PBXFileReference; fileEncoding = 4; lastKnownFileType = sourcecode.c.h; path = CPTPlotArea.h; sourceTree = "<group>"; };
		F4C942DD17EEE8560000668B /* CPTPlotAreaFrame.h */ = {isa = PBXFileReference; fileEncoding = 4; lastKnownFileType = sourcecode.c.h; path = CPTPlotAreaFrame.h; sourceTree = "<group>"; };
		F4C942DE17EEE8560000668B /* CPTPlotGroup.h */ = {isa = PBXFileReference; fileEncoding = 4; lastKnownFileType = sourcecode.c.h; path = CPTPlotGroup.h; sourceTree = "<group>"; };
		F4C942DF17EEE8560000668B /* CPTPlotRange.h */ = {isa = PBXFileReference; fileEncoding = 4; lastKnownFileType = sourcecode.c.h; path = CPTPlotRange.h; sourceTree = "<group>"; };
		F4C942E017EEE8560000668B /* CPTPlotSpace.h */ = {isa = PBXFileReference; fileEncoding = 4; lastKnownFileType = sourcecode.c.h; path = CPTPlotSpace.h; sourceTree = "<group>"; };
		F4C942E117EEE8560000668B /* CPTPlotSpaceAnnotation.h */ = {isa = PBXFileReference; fileEncoding = 4; lastKnownFileType = sourcecode.c.h; path = CPTPlotSpaceAnnotation.h; sourceTree = "<group>"; };
		F4C942E217EEE8560000668B /* CPTPlotSymbol.h */ = {isa = PBXFileReference; fileEncoding = 4; lastKnownFileType = sourcecode.c.h; path = CPTPlotSymbol.h; sourceTree = "<group>"; };
		F4C942E317EEE8560000668B /* CPTRangePlot.h */ = {isa = PBXFileReference; fileEncoding = 4; lastKnownFileType = sourcecode.c.h; path = CPTRangePlot.h; sourceTree = "<group>"; };
		F4C942E417EEE8560000668B /* CPTResponder.h */ = {isa = PBXFileReference; fileEncoding = 4; lastKnownFileType = sourcecode.c.h; path = CPTResponder.h; sourceTree = "<group>"; };
		F4C942E517EEE8560000668B /* CPTScatterPlot.h */ = {isa = PBXFileReference; fileEncoding = 4; lastKnownFileType = sourcecode.c.h; path = CPTScatterPlot.h; sourceTree = "<group>"; };
		F4C942E617EEE8560000668B /* CPTShadow.h */ = {isa = PBXFileReference; fileEncoding = 4; lastKnownFileType = sourcecode.c.h; path = CPTShadow.h; sourceTree = "<group>"; };
		F4C942E717EEE8560000668B /* CPTTestCase.h */ = {isa = PBXFileReference; fileEncoding = 4; lastKnownFileType = sourcecode.c.h; path = CPTTestCase.h; sourceTree = "<group>"; };
		F4C942E817EEE8560000668B /* CPTTextLayer.h */ = {isa = PBXFileReference; fileEncoding = 4; lastKnownFileType = sourcecode.c.h; path = CPTTextLayer.h; sourceTree = "<group>"; };
		F4C942E917EEE8560000668B /* CPTTextStyle.h */ = {isa = PBXFileReference; fileEncoding = 4; lastKnownFileType = sourcecode.c.h; path = CPTTextStyle.h; sourceTree = "<group>"; };
		F4C942EA17EEE8560000668B /* CPTTextStylePlatformSpecific.h */ = {isa = PBXFileReference; fileEncoding = 4; lastKnownFileType = sourcecode.c.h; path = CPTTextStylePlatformSpecific.h; sourceTree = "<group>"; };
		F4C942EB17EEE8560000668B /* CPTTheme.h */ = {isa = PBXFileReference; fileEncoding = 4; lastKnownFileType = sourcecode.c.h; path = CPTTheme.h; sourceTree = "<group>"; };
		F4C942EC17EEE8560000668B /* CPTTimeFormatter.h */ = {isa = PBXFileReference; fileEncoding = 4; lastKnownFileType = sourcecode.c.h; path = CPTTimeFormatter.h; sourceTree = "<group>"; };
		F4C942ED17EEE8560000668B /* CPTTradingRangePlot.h */ = {isa = PBXFileReference; fileEncoding = 4; lastKnownFileType = sourcecode.c.h; path = CPTTradingRangePlot.h; sourceTree = "<group>"; };
		F4C942EE17EEE8560000668B /* CPTUtilities.h */ = {isa = PBXFileReference; fileEncoding = 4; lastKnownFileType = sourcecode.c.h; path = CPTUtilities.h; sourceTree = "<group>"; };
		F4C942EF17EEE8560000668B /* CPTXYAxis.h */ = {isa = PBXFileReference; fileEncoding = 4; lastKnownFileType = sourcecode.c.h; path = CPTXYAxis.h; sourceTree = "<group>"; };
		F4C942F017EEE8560000668B /* CPTXYAxisSet.h */ = {isa = PBXFileReference; fileEncoding = 4; lastKnownFileType = sourcecode.c.h; path = CPTXYAxisSet.h; sourceTree = "<group>"; };
		F4C942F117EEE8560000668B /* CPTXYGraph.h */ = {isa = PBXFileReference; fileEncoding = 4; lastKnownFileType = sourcecode.c.h; path = CPTXYGraph.h; sourceTree = "<group>"; };
		F4C942F217EEE8560000668B /* CPTXYPlotSpace.h */ = {isa = PBXFileReference; fileEncoding = 4; lastKnownFileType = sourcecode.c.h; path = CPTXYPlotSpace.h; sourceTree = "<group>"; };
		F4C942F317EEE8560000668B /* mainpage.h */ = {isa = PBXFileReference; fileEncoding = 4; lastKnownFileType = sourcecode.c.h; path = mainpage.h; sourceTree = "<group>"; };
		F4C942F417EEE8560000668B /* NSCoderExtensions.h */ = {isa = PBXFileReference; fileEncoding = 4; lastKnownFileType = sourcecode.c.h; path = NSCoderExtensions.h; sourceTree = "<group>"; };
		F4C942F517EEE8560000668B /* NSDecimalNumberExtensions.h */ = {isa = PBXFileReference; fileEncoding = 4; lastKnownFileType = sourcecode.c.h; path = NSDecimalNumberExtensions.h; sourceTree = "<group>"; };
		F4C942F617EEE8560000668B /* NSNumberExtensions.h */ = {isa = PBXFileReference; fileEncoding = 4; lastKnownFileType = sourcecode.c.h; path = NSNumberExtensions.h; sourceTree = "<group>"; };
		F4C942F717EEE86A0000668B /* libCorePlot-CocoaTouch.a */ = {isa = PBXFileReference; lastKnownFileType = archive.ar; name = "libCorePlot-CocoaTouch.a"; path = "MovEd1/libCorePlot-CocoaTouch.a"; sourceTree = "<group>"; };
		F4CAEABA17DF0A7F004EB9D2 /* CVPlotting.cpp */ = {isa = PBXFileReference; fileEncoding = 4; lastKnownFileType = sourcecode.cpp.cpp; path = CVPlotting.cpp; sourceTree = "<group>"; };
		F4CAEABB17DF0A7F004EB9D2 /* CVPlotting.h */ = {isa = PBXFileReference; fileEncoding = 4; lastKnownFileType = sourcecode.c.h; path = CVPlotting.h; sourceTree = "<group>"; };
		F4CCF1E718B38E0A008FDF42 /* icon1_29.png */ = {isa = PBXFileReference; lastKnownFileType = image.png; name = icon1_29.png; path = ../figs/icon1_29.png; sourceTree = "<group>"; };
		F4CCF1E818B38E0A008FDF42 /* icon1_40.png */ = {isa = PBXFileReference; lastKnownFileType = image.png; name = icon1_40.png; path = ../figs/icon1_40.png; sourceTree = "<group>"; };
		F4CCF1E918B38E0A008FDF42 /* icon1_58.png */ = {isa = PBXFileReference; lastKnownFileType = image.png; name = icon1_58.png; path = ../figs/icon1_58.png; sourceTree = "<group>"; };
		F4CCF1EA18B38E0A008FDF42 /* icon1_76.png */ = {isa = PBXFileReference; lastKnownFileType = image.png; name = icon1_76.png; path = ../figs/icon1_76.png; sourceTree = "<group>"; };
		F4CCF1EB18B38E0A008FDF42 /* icon1_80.png */ = {isa = PBXFileReference; lastKnownFileType = image.png; name = icon1_80.png; path = ../figs/icon1_80.png; sourceTree = "<group>"; };
		F4CCF1EC18B38E0A008FDF42 /* icon1_120.png */ = {isa = PBXFileReference; lastKnownFileType = image.png; name = icon1_120.png; path = ../figs/icon1_120.png; sourceTree = "<group>"; };
		F4CCF1ED18B38E0A008FDF42 /* icon1_152.png */ = {isa = PBXFileReference; lastKnownFileType = image.png; name = icon1_152.png; path = ../figs/icon1_152.png; sourceTree = "<group>"; };
		F4CCF1EE18B38E0A008FDF42 /* icon1_300.png */ = {isa = PBXFileReference; lastKnownFileType = image.png; name = icon1_300.png; path = ../figs/icon1_300.png; sourceTree = "<group>"; };
		F4CCF1EF18B38E0A008FDF42 /* icon1_400.png */ = {isa = PBXFileReference; lastKnownFileType = image.png; name = icon1_400.png; path = ../figs/icon1_400.png; sourceTree = "<group>"; };
		F4CCF1F018B38E0A008FDF42 /* icon1_600.png */ = {isa = PBXFileReference; lastKnownFileType = image.png; name = icon1_600.png; path = ../figs/icon1_600.png; sourceTree = "<group>"; };
		F4CCF1F118B38E0A008FDF42 /* icon1_700.png */ = {isa = PBXFileReference; lastKnownFileType = image.png; name = icon1_700.png; path = ../figs/icon1_700.png; sourceTree = "<group>"; };
		F4CCF1FD18B39826008FDF42 /* Images.xcassets */ = {isa = PBXFileReference; lastKnownFileType = folder.assetcatalog; path = Images.xcassets; sourceTree = "<group>"; };
		F4CCF20018B398B8008FDF42 /* launch_640_960.png */ = {isa = PBXFileReference; lastKnownFileType = image.png; name = launch_640_960.png; path = ../figs/launch_640_960.png; sourceTree = "<group>"; };
		F4CCF20118B398B8008FDF42 /* launch_640_1136.png */ = {isa = PBXFileReference; lastKnownFileType = image.png; name = launch_640_1136.png; path = ../figs/launch_640_1136.png; sourceTree = "<group>"; };
		F4CCF20218B398B8008FDF42 /* launch_768_1004.png */ = {isa = PBXFileReference; lastKnownFileType = image.png; name = launch_768_1004.png; path = ../figs/launch_768_1004.png; sourceTree = "<group>"; };
		F4CCF20318B398B8008FDF42 /* launch_1536_2008.png */ = {isa = PBXFileReference; lastKnownFileType = image.png; name = launch_1536_2008.png; path = ../figs/launch_1536_2008.png; sourceTree = "<group>"; };
		F4CCF20918B39963008FDF42 /* launch_320_480.png */ = {isa = PBXFileReference; lastKnownFileType = image.png; name = launch_320_480.png; path = ../figs/launch_320_480.png; sourceTree = "<group>"; };
		F4CCF20F18B3ECED008FDF42 /* launch_1536_2048.png */ = {isa = PBXFileReference; lastKnownFileType = image.png; name = launch_1536_2048.png; path = ../figs/launch_1536_2048.png; sourceTree = "<group>"; };
		F4CCF21118B3EDCC008FDF42 /* launch_1024_768.png */ = {isa = PBXFileReference; lastKnownFileType = image.png; name = launch_1024_768.png; path = ../figs/launch_1024_768.png; sourceTree = "<group>"; };
		F4CCF21318B3F838008FDF42 /* background.png */ = {isa = PBXFileReference; lastKnownFileType = image.png; name = background.png; path = figs/background.png; sourceTree = "<group>"; };
		F4CCF21418B3F838008FDF42 /* background1.png */ = {isa = PBXFileReference; lastKnownFileType = image.png; name = background1.png; path = figs/background1.png; sourceTree = "<group>"; };
		F4D17468172EE38F00169795 /* Physics in Motion.app */ = {isa = PBXFileReference; explicitFileType = wrapper.application; includeInIndex = 0; path = "Physics in Motion.app"; sourceTree = BUILT_PRODUCTS_DIR; };
		F4D1746B172EE38F00169795 /* UIKit.framework */ = {isa = PBXFileReference; lastKnownFileType = wrapper.framework; name = UIKit.framework; path = System/Library/Frameworks/UIKit.framework; sourceTree = SDKROOT; };
		F4D1746D172EE38F00169795 /* Foundation.framework */ = {isa = PBXFileReference; lastKnownFileType = wrapper.framework; name = Foundation.framework; path = System/Library/Frameworks/Foundation.framework; sourceTree = SDKROOT; };
		F4D1746F172EE38F00169795 /* CoreGraphics.framework */ = {isa = PBXFileReference; lastKnownFileType = wrapper.framework; name = CoreGraphics.framework; path = System/Library/Frameworks/CoreGraphics.framework; sourceTree = SDKROOT; };
		F4D17473172EE38F00169795 /* MovEd1-Info.plist */ = {isa = PBXFileReference; lastKnownFileType = text.plist.xml; path = "MovEd1-Info.plist"; sourceTree = "<group>"; };
		F4D17475172EE38F00169795 /* en */ = {isa = PBXFileReference; lastKnownFileType = text.plist.strings; name = en; path = en.lproj/InfoPlist.strings; sourceTree = "<group>"; };
		F4D17477172EE38F00169795 /* main.m */ = {isa = PBXFileReference; lastKnownFileType = sourcecode.c.objc; path = main.m; sourceTree = "<group>"; };
		F4D17479172EE38F00169795 /* MovEd1-Prefix.pch */ = {isa = PBXFileReference; lastKnownFileType = sourcecode.c.h; path = "MovEd1-Prefix.pch"; sourceTree = "<group>"; };
		F4D1747A172EE38F00169795 /* com_gmail_simonwosborneAppDelegate.h */ = {isa = PBXFileReference; lastKnownFileType = sourcecode.c.h; path = com_gmail_simonwosborneAppDelegate.h; sourceTree = "<group>"; };
		F4D1747B172EE38F00169795 /* com_gmail_simonwosborneAppDelegate.m */ = {isa = PBXFileReference; lastKnownFileType = sourcecode.c.objc; path = com_gmail_simonwosborneAppDelegate.m; sourceTree = "<group>"; };
		F4D17484172EE38F00169795 /* en */ = {isa = PBXFileReference; lastKnownFileType = file.storyboard; name = en; path = en.lproj/MainStoryboard_iPhone.storyboard; sourceTree = "<group>"; };
		F4D17489172EE38F00169795 /* com_gmail_simonwosborneViewController.h */ = {isa = PBXFileReference; lastKnownFileType = sourcecode.c.h; path = com_gmail_simonwosborneViewController.h; sourceTree = "<group>"; };
		F4D1748A172EE38F00169795 /* com_gmail_simonwosborneViewController.mm */ = {isa = PBXFileReference; lastKnownFileType = sourcecode.cpp.objcpp; path = com_gmail_simonwosborneViewController.mm; sourceTree = "<group>"; };
		F4D17491172EE39000169795 /* MovEd1Tests.octest */ = {isa = PBXFileReference; explicitFileType = wrapper.cfbundle; includeInIndex = 0; path = MovEd1Tests.octest; sourceTree = BUILT_PRODUCTS_DIR; };
		F4D17492172EE39000169795 /* SenTestingKit.framework */ = {isa = PBXFileReference; lastKnownFileType = wrapper.framework; name = SenTestingKit.framework; path = Library/Frameworks/SenTestingKit.framework; sourceTree = DEVELOPER_DIR; };
		F4D1749A172EE39000169795 /* MovEd1Tests-Info.plist */ = {isa = PBXFileReference; lastKnownFileType = text.plist.xml; path = "MovEd1Tests-Info.plist"; sourceTree = "<group>"; };
		F4D1749C172EE39000169795 /* en */ = {isa = PBXFileReference; lastKnownFileType = text.plist.strings; name = en; path = en.lproj/InfoPlist.strings; sourceTree = "<group>"; };
		F4D1749E172EE39000169795 /* MovEd1Tests.h */ = {isa = PBXFileReference; lastKnownFileType = sourcecode.c.h; path = MovEd1Tests.h; sourceTree = "<group>"; };
		F4D1749F172EE39000169795 /* MovEd1Tests.m */ = {isa = PBXFileReference; lastKnownFileType = sourcecode.c.objc; path = MovEd1Tests.m; sourceTree = "<group>"; };
		F4D174A9172EE43000169795 /* Accelerate.framework */ = {isa = PBXFileReference; lastKnownFileType = wrapper.framework; name = Accelerate.framework; path = System/Library/Frameworks/Accelerate.framework; sourceTree = SDKROOT; };
		F4D174AA172EE43000169795 /* AVFoundation.framework */ = {isa = PBXFileReference; lastKnownFileType = wrapper.framework; name = AVFoundation.framework; path = System/Library/Frameworks/AVFoundation.framework; sourceTree = SDKROOT; };
		F4D174AB172EE43000169795 /* CoreImage.framework */ = {isa = PBXFileReference; lastKnownFileType = wrapper.framework; name = CoreImage.framework; path = System/Library/Frameworks/CoreImage.framework; sourceTree = SDKROOT; };
		F4D174AC172EE43000169795 /* CoreVideo.framework */ = {isa = PBXFileReference; lastKnownFileType = wrapper.framework; name = CoreVideo.framework; path = System/Library/Frameworks/CoreVideo.framework; sourceTree = SDKROOT; };
		F4D174AD172EE43000169795 /* libc++.1.dylib */ = {isa = PBXFileReference; lastKnownFileType = "compiled.mach-o.dylib"; name = "libc++.1.dylib"; path = "usr/lib/libc++.1.dylib"; sourceTree = SDKROOT; };
		F4D174AE172EE43000169795 /* libc++.dylib */ = {isa = PBXFileReference; lastKnownFileType = "compiled.mach-o.dylib"; name = "libc++.dylib"; path = "usr/lib/libc++.dylib"; sourceTree = SDKROOT; };
		F4D174AF172EE43000169795 /* QuartzCore.framework */ = {isa = PBXFileReference; lastKnownFileType = wrapper.framework; name = QuartzCore.framework; path = System/Library/Frameworks/QuartzCore.framework; sourceTree = SDKROOT; };
		F4D174B9172EE84700169795 /* AssetsLibrary.framework */ = {isa = PBXFileReference; lastKnownFileType = wrapper.framework; name = AssetsLibrary.framework; path = System/Library/Frameworks/AssetsLibrary.framework; sourceTree = SDKROOT; };
		F4D174BA172EE84700169795 /* CoreMedia.framework */ = {isa = PBXFileReference; lastKnownFileType = wrapper.framework; name = CoreMedia.framework; path = System/Library/Frameworks/CoreMedia.framework; sourceTree = SDKROOT; };
		F4D174BF172EEF8000169795 /* opencv2.framework */ = {isa = PBXFileReference; lastKnownFileType = wrapper.framework; name = opencv2.framework; path = ../../opencv_ios/opencv2.framework; sourceTree = "<group>"; };
		F4E0774417CBF9C50043FC7B /* CVProcessing.cpp */ = {isa = PBXFileReference; fileEncoding = 4; lastKnownFileType = sourcecode.cpp.cpp; path = CVProcessing.cpp; sourceTree = "<group>"; };
		F4E0774517CBF9C50043FC7B /* CVProcessing.h */ = {isa = PBXFileReference; fileEncoding = 4; lastKnownFileType = sourcecode.c.h; path = CVProcessing.h; sourceTree = "<group>"; };
		F4E1209917D9CDC2005CB1BF /* CVCalib.cpp */ = {isa = PBXFileReference; fileEncoding = 4; lastKnownFileType = sourcecode.cpp.cpp; path = CVCalib.cpp; sourceTree = "<group>"; };
		F4E1209A17D9CDC2005CB1BF /* CVCalib.h */ = {isa = PBXFileReference; fileEncoding = 4; lastKnownFileType = sourcecode.c.h; path = CVCalib.h; sourceTree = "<group>"; };
/* End PBXFileReference section */

/* Begin PBXFrameworksBuildPhase section */
		F4D17465172EE38F00169795 /* Frameworks */ = {
			isa = PBXFrameworksBuildPhase;
			buildActionMask = 2147483647;
			files = (
				F4AB60C217DDFF660076CDCE /* MessageUI.framework in Frameworks */,
				F4D174C0172EEF8000169795 /* opencv2.framework in Frameworks */,
				F4D174BB172EE84700169795 /* AssetsLibrary.framework in Frameworks */,
				F4D174BC172EE84700169795 /* CoreMedia.framework in Frameworks */,
				F4D174B0172EE43000169795 /* Accelerate.framework in Frameworks */,
				F4D174B1172EE43000169795 /* AVFoundation.framework in Frameworks */,
				F4D174B2172EE43000169795 /* CoreImage.framework in Frameworks */,
				F4D174B3172EE43000169795 /* CoreVideo.framework in Frameworks */,
				F4D174B4172EE43000169795 /* libc++.1.dylib in Frameworks */,
				F4D174B5172EE43000169795 /* libc++.dylib in Frameworks */,
				F4D174B6172EE43000169795 /* QuartzCore.framework in Frameworks */,
				F4D1746C172EE38F00169795 /* UIKit.framework in Frameworks */,
				F4D1746E172EE38F00169795 /* Foundation.framework in Frameworks */,
				F4D17470172EE38F00169795 /* CoreGraphics.framework in Frameworks */,
				F4C942F817EEE86A0000668B /* libCorePlot-CocoaTouch.a in Frameworks */,
			);
			runOnlyForDeploymentPostprocessing = 0;
		};
		F4D1748D172EE39000169795 /* Frameworks */ = {
			isa = PBXFrameworksBuildPhase;
			buildActionMask = 2147483647;
			files = (
				F4D17493172EE39000169795 /* SenTestingKit.framework in Frameworks */,
				F4D17494172EE39000169795 /* UIKit.framework in Frameworks */,
				F4D17495172EE39000169795 /* Foundation.framework in Frameworks */,
			);
			runOnlyForDeploymentPostprocessing = 0;
		};
/* End PBXFrameworksBuildPhase section */

/* Begin PBXGroup section */
		F4C942A917EEE8560000668B /* CorePlotHeaders */ = {
			isa = PBXGroup;
			children = (
				F4C942AA17EEE8560000668B /* CorePlot-CocoaTouch.h */,
				F4C942AB17EEE8560000668B /* CPTAnimation.h */,
				F4C942AC17EEE8560000668B /* CPTAnimationOperation.h */,
				F4C942AD17EEE8560000668B /* CPTAnimationPeriod.h */,
				F4C942AE17EEE8560000668B /* CPTAnnotation.h */,
				F4C942AF17EEE8560000668B /* CPTAnnotationHostLayer.h */,
				F4C942B017EEE8560000668B /* CPTAxis.h */,
				F4C942B117EEE8560000668B /* CPTAxisLabel.h */,
				F4C942B217EEE8560000668B /* CPTAxisLabelGroup.h */,
				F4C942B317EEE8560000668B /* CPTAxisSet.h */,
				F4C942B417EEE8560000668B /* CPTAxisTitle.h */,
				F4C942B517EEE8560000668B /* CPTBarPlot.h */,
				F4C942B617EEE8560000668B /* CPTBorderedLayer.h */,
				F4C942B717EEE8560000668B /* CPTCalendarFormatter.h */,
				F4C942B817EEE8560000668B /* CPTColor.h */,
				F4C942B917EEE8560000668B /* CPTColorSpace.h */,
				F4C942BA17EEE8560000668B /* CPTConstraints.h */,
				F4C942BB17EEE8560000668B /* CPTDataSourceTestCase.h */,
				F4C942BC17EEE8560000668B /* CPTDefinitions.h */,
				F4C942BD17EEE8560000668B /* CPTDerivedXYGraph.h */,
				F4C942BE17EEE8560000668B /* CPTExceptions.h */,
				F4C942BF17EEE8560000668B /* CPTFill.h */,
				F4C942C017EEE8560000668B /* CPTGradient.h */,
				F4C942C117EEE8560000668B /* CPTGraph.h */,
				F4C942C217EEE8560000668B /* CPTGraphHostingView.h */,
				F4C942C317EEE8560000668B /* CPTGridLineGroup.h */,
				F4C942C417EEE8560000668B /* CPTGridLines.h */,
				F4C942C517EEE8560000668B /* CPTImage.h */,
				F4C942C617EEE8560000668B /* CPTLayer.h */,
				F4C942C717EEE8560000668B /* CPTLayerAnnotation.h */,
				F4C942C817EEE8560000668B /* CPTLegend.h */,
				F4C942C917EEE8560000668B /* CPTLegendEntry.h */,
				F4C942CA17EEE8560000668B /* CPTLimitBand.h */,
				F4C942CB17EEE8560000668B /* CPTLineCap.h */,
				F4C942CC17EEE8560000668B /* CPTLineStyle.h */,
				F4C942CD17EEE8560000668B /* CPTMutableLineStyle.h */,
				F4C942CE17EEE8560000668B /* CPTMutableNumericData+TypeConversion.h */,
				F4C942CF17EEE8560000668B /* CPTMutableNumericData.h */,
				F4C942D017EEE8560000668B /* CPTMutablePlotRange.h */,
				F4C942D117EEE8560000668B /* CPTMutableShadow.h */,
				F4C942D217EEE8560000668B /* CPTMutableTextStyle.h */,
				F4C942D317EEE8560000668B /* CPTNumericData+TypeConversion.h */,
				F4C942D417EEE8560000668B /* CPTNumericData.h */,
				F4C942D517EEE8560000668B /* CPTNumericDataType.h */,
				F4C942D617EEE8560000668B /* CPTPathExtensions.h */,
				F4C942D717EEE8560000668B /* CPTPieChart.h */,
				F4C942D817EEE8560000668B /* CPTPlatformSpecificCategories.h */,
				F4C942D917EEE8560000668B /* CPTPlatformSpecificDefines.h */,
				F4C942DA17EEE8560000668B /* CPTPlatformSpecificFunctions.h */,
				F4C942DB17EEE8560000668B /* CPTPlot.h */,
				F4C942DC17EEE8560000668B /* CPTPlotArea.h */,
				F4C942DD17EEE8560000668B /* CPTPlotAreaFrame.h */,
				F4C942DE17EEE8560000668B /* CPTPlotGroup.h */,
				F4C942DF17EEE8560000668B /* CPTPlotRange.h */,
				F4C942E017EEE8560000668B /* CPTPlotSpace.h */,
				F4C942E117EEE8560000668B /* CPTPlotSpaceAnnotation.h */,
				F4C942E217EEE8560000668B /* CPTPlotSymbol.h */,
				F4C942E317EEE8560000668B /* CPTRangePlot.h */,
				F4C942E417EEE8560000668B /* CPTResponder.h */,
				F4C942E517EEE8560000668B /* CPTScatterPlot.h */,
				F4C942E617EEE8560000668B /* CPTShadow.h */,
				F4C942E717EEE8560000668B /* CPTTestCase.h */,
				F4C942E817EEE8560000668B /* CPTTextLayer.h */,
				F4C942E917EEE8560000668B /* CPTTextStyle.h */,
				F4C942EA17EEE8560000668B /* CPTTextStylePlatformSpecific.h */,
				F4C942EB17EEE8560000668B /* CPTTheme.h */,
				F4C942EC17EEE8560000668B /* CPTTimeFormatter.h */,
				F4C942ED17EEE8560000668B /* CPTTradingRangePlot.h */,
				F4C942EE17EEE8560000668B /* CPTUtilities.h */,
				F4C942EF17EEE8560000668B /* CPTXYAxis.h */,
				F4C942F017EEE8560000668B /* CPTXYAxisSet.h */,
				F4C942F117EEE8560000668B /* CPTXYGraph.h */,
				F4C942F217EEE8560000668B /* CPTXYPlotSpace.h */,
				F4C942F317EEE8560000668B /* mainpage.h */,
				F4C942F417EEE8560000668B /* NSCoderExtensions.h */,
				F4C942F517EEE8560000668B /* NSDecimalNumberExtensions.h */,
				F4C942F617EEE8560000668B /* NSNumberExtensions.h */,
			);
			name = CorePlotHeaders;
			path = MovEd1/CorePlotHeaders;
			sourceTree = "<group>";
		};
		F4D1745F172EE38F00169795 = {
			isa = PBXGroup;
			children = (
				F4CCF21318B3F838008FDF42 /* background.png */,
				F4CCF21418B3F838008FDF42 /* background1.png */,
				F4C942F717EEE86A0000668B /* libCorePlot-CocoaTouch.a */,
				F4C942A917EEE8560000668B /* CorePlotHeaders */,
				F4D17471172EE38F00169795 /* MovEd1 */,
				F4D17498172EE39000169795 /* MovEd1Tests */,
				F4D1746A172EE38F00169795 /* Frameworks */,
				F4D17469172EE38F00169795 /* Products */,
			);
			sourceTree = "<group>";
		};
		F4D17469172EE38F00169795 /* Products */ = {
			isa = PBXGroup;
			children = (
				F4D17468172EE38F00169795 /* Physics in Motion.app */,
				F4D17491172EE39000169795 /* MovEd1Tests.octest */,
			);
			name = Products;
			sourceTree = "<group>";
		};
		F4D1746A172EE38F00169795 /* Frameworks */ = {
			isa = PBXGroup;
			children = (
				F4AB60C117DDFF660076CDCE /* MessageUI.framework */,
				F4D174BF172EEF8000169795 /* opencv2.framework */,
				F4D174B9172EE84700169795 /* AssetsLibrary.framework */,
				F4D174BA172EE84700169795 /* CoreMedia.framework */,
				F4D174A9172EE43000169795 /* Accelerate.framework */,
				F4D174AA172EE43000169795 /* AVFoundation.framework */,
				F4D174AB172EE43000169795 /* CoreImage.framework */,
				F4D174AC172EE43000169795 /* CoreVideo.framework */,
				F4D174AD172EE43000169795 /* libc++.1.dylib */,
				F4D174AE172EE43000169795 /* libc++.dylib */,
				F4D174AF172EE43000169795 /* QuartzCore.framework */,
				F4D1746B172EE38F00169795 /* UIKit.framework */,
				F4D1746D172EE38F00169795 /* Foundation.framework */,
				F4D1746F172EE38F00169795 /* CoreGraphics.framework */,
				F4D17492172EE39000169795 /* SenTestingKit.framework */,
			);
			name = Frameworks;
			sourceTree = "<group>";
		};
		F4D17471172EE38F00169795 /* MovEd1 */ = {
			isa = PBXGroup;
			children = (
				F4D1747A172EE38F00169795 /* com_gmail_simonwosborneAppDelegate.h */,
				F4D1747B172EE38F00169795 /* com_gmail_simonwosborneAppDelegate.m */,
				F4D17483172EE38F00169795 /* MainStoryboard_iPhone.storyboard */,
				F47EB58817D48958009D88BB /* MainStoryboard_iPad.storyboard */,
				F4D17489172EE38F00169795 /* com_gmail_simonwosborneViewController.h */,
				F4D1748A172EE38F00169795 /* com_gmail_simonwosborneViewController.mm */,
				F4C942A617EEDD240000668B /* plotViewController.h */,
				F4671AAC17F01C3600114530 /* plotViewController.mm */,
				F4E1209917D9CDC2005CB1BF /* CVCalib.cpp */,
				F4E1209A17D9CDC2005CB1BF /* CVCalib.h */,
				F4E0774417CBF9C50043FC7B /* CVProcessing.cpp */,
				F4E0774517CBF9C50043FC7B /* CVProcessing.h */,
				F4CAEABA17DF0A7F004EB9D2 /* CVPlotting.cpp */,
				F4CAEABB17DF0A7F004EB9D2 /* CVPlotting.h */,
				F4CCF1FD18B39826008FDF42 /* Images.xcassets */,
				F4D17472172EE38F00169795 /* Supporting Files */,
			);
			path = MovEd1;
			sourceTree = "<group>";
		};
		F4D17472172EE38F00169795 /* Supporting Files */ = {
			isa = PBXGroup;
			children = (
				F4CCF21118B3EDCC008FDF42 /* launch_1024_768.png */,
				F4CCF20F18B3ECED008FDF42 /* launch_1536_2048.png */,
				F4CCF20918B39963008FDF42 /* launch_320_480.png */,
				F4CCF20018B398B8008FDF42 /* launch_640_960.png */,
				F4CCF20118B398B8008FDF42 /* launch_640_1136.png */,
				F4CCF20218B398B8008FDF42 /* launch_768_1004.png */,
				F4CCF20318B398B8008FDF42 /* launch_1536_2008.png */,
				F4CCF1E718B38E0A008FDF42 /* icon1_29.png */,
				F4CCF1E818B38E0A008FDF42 /* icon1_40.png */,
				F4CCF1E918B38E0A008FDF42 /* icon1_58.png */,
				F4CCF1EA18B38E0A008FDF42 /* icon1_76.png */,
				F4CCF1EB18B38E0A008FDF42 /* icon1_80.png */,
				F4CCF1EC18B38E0A008FDF42 /* icon1_120.png */,
				F4CCF1ED18B38E0A008FDF42 /* icon1_152.png */,
				F4CCF1EE18B38E0A008FDF42 /* icon1_300.png */,
				F4CCF1EF18B38E0A008FDF42 /* icon1_400.png */,
				F4CCF1F018B38E0A008FDF42 /* icon1_600.png */,
				F4CCF1F118B38E0A008FDF42 /* icon1_700.png */,
				F4D17473172EE38F00169795 /* MovEd1-Info.plist */,
				F4D17474172EE38F00169795 /* InfoPlist.strings */,
				F4D17477172EE38F00169795 /* main.m */,
				F4D17479172EE38F00169795 /* MovEd1-Prefix.pch */,
			);
			name = "Supporting Files";
			sourceTree = "<group>";
		};
		F4D17498172EE39000169795 /* MovEd1Tests */ = {
			isa = PBXGroup;
			children = (
				F4D1749E172EE39000169795 /* MovEd1Tests.h */,
				F4D1749F172EE39000169795 /* MovEd1Tests.m */,
				F4D17499172EE39000169795 /* Supporting Files */,
			);
			path = MovEd1Tests;
			sourceTree = "<group>";
		};
		F4D17499172EE39000169795 /* Supporting Files */ = {
			isa = PBXGroup;
			children = (
				F4D1749A172EE39000169795 /* MovEd1Tests-Info.plist */,
				F4D1749B172EE39000169795 /* InfoPlist.strings */,
			);
			name = "Supporting Files";
			sourceTree = "<group>";
		};
/* End PBXGroup section */

/* Begin PBXNativeTarget section */
		F4D17467172EE38F00169795 /* MovEd1 */ = {
			isa = PBXNativeTarget;
			buildConfigurationList = F4D174A3172EE39000169795 /* Build configuration list for PBXNativeTarget "MovEd1" */;
			buildPhases = (
				F4D17464172EE38F00169795 /* Sources */,
				F4D17465172EE38F00169795 /* Frameworks */,
				F4D17466172EE38F00169795 /* Resources */,
			);
			buildRules = (
			);
			dependencies = (
			);
			name = MovEd1;
			productName = MovEd1;
			productReference = F4D17468172EE38F00169795 /* Physics in Motion.app */;
			productType = "com.apple.product-type.application";
		};
		F4D17490172EE39000169795 /* MovEd1Tests */ = {
			isa = PBXNativeTarget;
			buildConfigurationList = F4D174A6172EE39000169795 /* Build configuration list for PBXNativeTarget "MovEd1Tests" */;
			buildPhases = (
				F4D1748C172EE39000169795 /* Sources */,
				F4D1748D172EE39000169795 /* Frameworks */,
				F4D1748E172EE39000169795 /* Resources */,
				F4D1748F172EE39000169795 /* ShellScript */,
			);
			buildRules = (
			);
			dependencies = (
				F4D17497172EE39000169795 /* PBXTargetDependency */,
			);
			name = MovEd1Tests;
			productName = MovEd1Tests;
			productReference = F4D17491172EE39000169795 /* MovEd1Tests.octest */;
			productType = "com.apple.product-type.bundle";
		};
/* End PBXNativeTarget section */

/* Begin PBXProject section */
		F4D17460172EE38F00169795 /* Project object */ = {
			isa = PBXProject;
			attributes = {
				CLASSPREFIX = com.gmail.simonwosborne;
				LastUpgradeCheck = 0460;
				ORGANIZATIONNAME = "Simon Osborne";
			};
			buildConfigurationList = F4D17463172EE38F00169795 /* Build configuration list for PBXProject "MovEd1" */;
			compatibilityVersion = "Xcode 3.2";
			developmentRegion = English;
			hasScannedForEncodings = 0;
			knownRegions = (
				en,
			);
			mainGroup = F4D1745F172EE38F00169795;
			productRefGroup = F4D17469172EE38F00169795 /* Products */;
			projectDirPath = "";
			projectRoot = "";
			targets = (
				F4D17467172EE38F00169795 /* MovEd1 */,
				F4D17490172EE39000169795 /* MovEd1Tests */,
			);
		};
/* End PBXProject section */

/* Begin PBXResourcesBuildPhase section */
		F4D17466172EE38F00169795 /* Resources */ = {
			isa = PBXResourcesBuildPhase;
			buildActionMask = 2147483647;
			files = (
				F4CCF1F318B38E0A008FDF42 /* icon1_40.png in Resources */,
				F4CCF1F918B38E0A008FDF42 /* icon1_300.png in Resources */,
				F4D17476172EE38F00169795 /* InfoPlist.strings in Resources */,
				F4CCF20818B398B8008FDF42 /* launch_1536_2008.png in Resources */,
				F4CCF1F218B38E0A008FDF42 /* icon1_29.png in Resources */,
				F4D17485172EE38F00169795 /* MainStoryboard_iPhone.storyboard in Resources */,
				F47EB58A17D48958009D88BB /* MainStoryboard_iPad.storyboard in Resources */,
				F4CCF1FE18B39826008FDF42 /* Images.xcassets in Resources */,
				F4CCF1F618B38E0A008FDF42 /* icon1_80.png in Resources */,
				F4CCF1F818B38E0A008FDF42 /* icon1_152.png in Resources */,
				F4CCF21218B3EDCC008FDF42 /* launch_1024_768.png in Resources */,
				F4CCF1F718B38E0A008FDF42 /* icon1_120.png in Resources */,
				F4CCF21018B3ECED008FDF42 /* launch_1536_2048.png in Resources */,
				F4CCF1F518B38E0A008FDF42 /* icon1_76.png in Resources */,
				F4CCF20518B398B8008FDF42 /* launch_640_960.png in Resources */,
				F4CCF20718B398B8008FDF42 /* launch_768_1004.png in Resources */,
				F4CCF20A18B39963008FDF42 /* launch_320_480.png in Resources */,
				F4CCF1F418B38E0A008FDF42 /* icon1_58.png in Resources */,
				F4CCF20618B398B8008FDF42 /* launch_640_1136.png in Resources */,
				F4CCF21618B3F838008FDF42 /* background1.png in Resources */,
				F4CCF1FB18B38E0A008FDF42 /* icon1_600.png in Resources */,
				F4CCF1FC18B38E0A008FDF42 /* icon1_700.png in Resources */,
				F4CCF1FA18B38E0A008FDF42 /* icon1_400.png in Resources */,
				F4CCF21518B3F838008FDF42 /* background.png in Resources */,
			);
			runOnlyForDeploymentPostprocessing = 0;
		};
		F4D1748E172EE39000169795 /* Resources */ = {
			isa = PBXResourcesBuildPhase;
			buildActionMask = 2147483647;
			files = (
				F4D1749D172EE39000169795 /* InfoPlist.strings in Resources */,
			);
			runOnlyForDeploymentPostprocessing = 0;
		};
/* End PBXResourcesBuildPhase section */

/* Begin PBXShellScriptBuildPhase section */
		F4D1748F172EE39000169795 /* ShellScript */ = {
			isa = PBXShellScriptBuildPhase;
			buildActionMask = 2147483647;
			files = (
			);
			inputPaths = (
			);
			outputPaths = (
			);
			runOnlyForDeploymentPostprocessing = 0;
			shellPath = /bin/sh;
			shellScript = "# Run the unit tests in this test bundle.\n\"${SYSTEM_DEVELOPER_DIR}/Tools/RunUnitTests\"\n";
		};
/* End PBXShellScriptBuildPhase section */

/* Begin PBXSourcesBuildPhase section */
		F4D17464172EE38F00169795 /* Sources */ = {
			isa = PBXSourcesBuildPhase;
			buildActionMask = 2147483647;
			files = (
				F4D17478172EE38F00169795 /* main.m in Sources */,
				F4671AAD17F01C3600114530 /* plotViewController.mm in Sources */,
				F4D1747C172EE38F00169795 /* com_gmail_simonwosborneAppDelegate.m in Sources */,
				F4D1748B172EE38F00169795 /* com_gmail_simonwosborneViewController.mm in Sources */,
				F4E0774617CBF9C50043FC7B /* CVProcessing.cpp in Sources */,
				F4E1209B17D9CDC2005CB1BF /* CVCalib.cpp in Sources */,
				F4CAEABD17DF0A7F004EB9D2 /* CVPlotting.cpp in Sources */,
			);
			runOnlyForDeploymentPostprocessing = 0;
		};
		F4D1748C172EE39000169795 /* Sources */ = {
			isa = PBXSourcesBuildPhase;
			buildActionMask = 2147483647;
			files = (
				F4D174A0172EE39000169795 /* MovEd1Tests.m in Sources */,
			);
			runOnlyForDeploymentPostprocessing = 0;
		};
/* End PBXSourcesBuildPhase section */

/* Begin PBXTargetDependency section */
		F4D17497172EE39000169795 /* PBXTargetDependency */ = {
			isa = PBXTargetDependency;
			target = F4D17467172EE38F00169795 /* MovEd1 */;
			targetProxy = F4D17496172EE39000169795 /* PBXContainerItemProxy */;
		};
/* End PBXTargetDependency section */

/* Begin PBXVariantGroup section */
		F47EB58817D48958009D88BB /* MainStoryboard_iPad.storyboard */ = {
			isa = PBXVariantGroup;
			children = (
				F47EB58917D48958009D88BB /* en */,
			);
			name = MainStoryboard_iPad.storyboard;
			sourceTree = "<group>";
		};
		F4D17474172EE38F00169795 /* InfoPlist.strings */ = {
			isa = PBXVariantGroup;
			children = (
				F4D17475172EE38F00169795 /* en */,
			);
			name = InfoPlist.strings;
			sourceTree = "<group>";
		};
		F4D17483172EE38F00169795 /* MainStoryboard_iPhone.storyboard */ = {
			isa = PBXVariantGroup;
			children = (
				F4D17484172EE38F00169795 /* en */,
			);
			name = MainStoryboard_iPhone.storyboard;
			sourceTree = "<group>";
			usesTabs = 0;
		};
		F4D1749B172EE39000169795 /* InfoPlist.strings */ = {
			isa = PBXVariantGroup;
			children = (
				F4D1749C172EE39000169795 /* en */,
			);
			name = InfoPlist.strings;
			sourceTree = "<group>";
		};
/* End PBXVariantGroup section */

/* Begin XCBuildConfiguration section */
		F4D174A1172EE39000169795 /* Debug */ = {
			isa = XCBuildConfiguration;
			buildSettings = {
				ALWAYS_SEARCH_USER_PATHS = NO;
				CLANG_CXX_LANGUAGE_STANDARD = "gnu++0x";
				CLANG_CXX_LIBRARY = "libc++";
				CLANG_ENABLE_OBJC_ARC = YES;
				CLANG_WARN_CONSTANT_CONVERSION = YES;
				CLANG_WARN_EMPTY_BODY = YES;
				CLANG_WARN_ENUM_CONVERSION = YES;
				CLANG_WARN_INT_CONVERSION = YES;
				CLANG_WARN__DUPLICATE_METHOD_MATCH = YES;
				"CODE_SIGN_IDENTITY[sdk=iphoneos*]" = "iPhone Developer";
				COPY_PHASE_STRIP = NO;
				GCC_C_LANGUAGE_STANDARD = gnu99;
				GCC_DYNAMIC_NO_PIC = NO;
				GCC_INPUT_FILETYPE = sourcecode.cpp.objcpp;
				GCC_OPTIMIZATION_LEVEL = 0;
				GCC_PREPROCESSOR_DEFINITIONS = (
					"DEBUG=1",
					"$(inherited)",
				);
				GCC_SYMBOLS_PRIVATE_EXTERN = NO;
				GCC_WARN_ABOUT_RETURN_TYPE = YES;
				GCC_WARN_UNINITIALIZED_AUTOS = YES;
				GCC_WARN_UNUSED_VARIABLE = YES;
				IPHONEOS_DEPLOYMENT_TARGET = 6.1;
				ONLY_ACTIVE_ARCH = YES;
				SDKROOT = iphoneos;
				TARGETED_DEVICE_FAMILY = "1,2";
			};
			name = Debug;
		};
		F4D174A2172EE39000169795 /* Release */ = {
			isa = XCBuildConfiguration;
			buildSettings = {
				ALWAYS_SEARCH_USER_PATHS = NO;
				CLANG_CXX_LANGUAGE_STANDARD = "gnu++0x";
				CLANG_CXX_LIBRARY = "libc++";
				CLANG_ENABLE_OBJC_ARC = YES;
				CLANG_WARN_CONSTANT_CONVERSION = YES;
				CLANG_WARN_EMPTY_BODY = YES;
				CLANG_WARN_ENUM_CONVERSION = YES;
				CLANG_WARN_INT_CONVERSION = YES;
				CLANG_WARN__DUPLICATE_METHOD_MATCH = YES;
				"CODE_SIGN_IDENTITY[sdk=iphoneos*]" = "iPhone Developer";
				COPY_PHASE_STRIP = YES;
				GCC_C_LANGUAGE_STANDARD = gnu99;
				GCC_INPUT_FILETYPE = sourcecode.cpp.objcpp;
				GCC_WARN_ABOUT_RETURN_TYPE = YES;
				GCC_WARN_UNINITIALIZED_AUTOS = YES;
				GCC_WARN_UNUSED_VARIABLE = YES;
				IPHONEOS_DEPLOYMENT_TARGET = 6.1;
				OTHER_CFLAGS = "-DNS_BLOCK_ASSERTIONS=1";
				SDKROOT = iphoneos;
				TARGETED_DEVICE_FAMILY = "1,2";
				VALIDATE_PRODUCT = YES;
			};
			name = Release;
		};
		F4D174A4172EE39000169795 /* Debug */ = {
			isa = XCBuildConfiguration;
			buildSettings = {
				ASSETCATALOG_COMPILER_APPICON_NAME = AppIcon;
				ASSETCATALOG_COMPILER_LAUNCHIMAGE_NAME = LaunchImage;
				CODE_SIGN_IDENTITY = "iPhone Developer: Simon Osborne (49VK8RZYQB)";
				"CODE_SIGN_IDENTITY[sdk=iphoneos*]" = "iPhone Developer";
				FRAMEWORK_SEARCH_PATHS = "/Users/simon/opencv_ios/**";
				GCC_INPUT_FILETYPE = sourcecode.cpp.objcpp;
				GCC_PRECOMPILE_PREFIX_HEADER = YES;
				GCC_PREFIX_HEADER = "MovEd1/MovEd1-Prefix.pch";
				HEADER_SEARCH_PATHS = "/Users/simon/opencv_ios/**";
				INFOPLIST_FILE = "MovEd1/MovEd1-Info.plist";
				IPHONEOS_DEPLOYMENT_TARGET = 7.0;
				LIBRARY_SEARCH_PATHS = (
					"/Users/simon/opencv_ios/**",
					/Users/simon/Xcode/MovEd1/MovEd1,
				);
				OTHER_LDFLAGS = "-ObjC";
				PRODUCT_NAME = "Physics in Motion";
				PROVISIONING_PROFILE = "";
				"PROVISIONING_PROFILE[sdk=iphoneos*]" = "";
				TARGETED_DEVICE_FAMILY = "1,2";
				USER_HEADER_SEARCH_PATHS = "/Users/simon/opencv_ios/**";
				WRAPPER_EXTENSION = app;
			};
			name = Debug;
		};
		F4D174A5172EE39000169795 /* Release */ = {
			isa = XCBuildConfiguration;
			buildSettings = {
				ASSETCATALOG_COMPILER_APPICON_NAME = AppIcon;
				ASSETCATALOG_COMPILER_LAUNCHIMAGE_NAME = LaunchImage;
				CODE_SIGN_IDENTITY = "iPhone Developer: Simon Osborne (49VK8RZYQB)";
				"CODE_SIGN_IDENTITY[sdk=iphoneos*]" = "iPhone Developer";
				FRAMEWORK_SEARCH_PATHS = "/Users/simon/opencv_ios/**";
				GCC_INPUT_FILETYPE = sourcecode.cpp.objcpp;
				GCC_PRECOMPILE_PREFIX_HEADER = YES;
				GCC_PREFIX_HEADER = "MovEd1/MovEd1-Prefix.pch";
				HEADER_SEARCH_PATHS = "/Users/simon/opencv_ios/**";
				INFOPLIST_FILE = "MovEd1/MovEd1-Info.plist";
				IPHONEOS_DEPLOYMENT_TARGET = 7.0;
				LIBRARY_SEARCH_PATHS = (
					"/Users/simon/opencv_ios/**",
					/Users/simon/Xcode/MovEd1/MovEd1,
				);
				OTHER_LDFLAGS = "-ObjC";
				PRODUCT_NAME = "Physics in Motion";
				PROVISIONING_PROFILE = "";
				"PROVISIONING_PROFILE[sdk=iphoneos*]" = "";
				TARGETED_DEVICE_FAMILY = "1,2";
				USER_HEADER_SEARCH_PATHS = "/Users/simon/opencv_ios/**";
				WRAPPER_EXTENSION = app;
			};
			name = Release;
		};
		F4D174A7172EE39000169795 /* Debug */ = {
			isa = XCBuildConfiguration;
			buildSettings = {
				BUNDLE_LOADER = "$(BUILT_PRODUCTS_DIR)/MovEd1.app/MovEd1";
				CLANG_CXX_LIBRARY = "libc++";
				FRAMEWORK_SEARCH_PATHS = (
					"\"$(SDKROOT)/Developer/Library/Frameworks\"",
					"\"$(DEVELOPER_LIBRARY_DIR)/Frameworks\"",
				);
				GCC_PRECOMPILE_PREFIX_HEADER = YES;
				GCC_PREFIX_HEADER = "MovEd1/MovEd1-Prefix.pch";
				GCC_VERSION = com.apple.compilers.llvm.clang.1_0;
				INFOPLIST_FILE = "MovEd1Tests/MovEd1Tests-Info.plist";
				PRODUCT_NAME = "$(TARGET_NAME)";
				TEST_HOST = "$(BUNDLE_LOADER)";
				WRAPPER_EXTENSION = octest;
			};
			name = Debug;
		};
		F4D174A8172EE39000169795 /* Release */ = {
			isa = XCBuildConfiguration;
			buildSettings = {
				BUNDLE_LOADER = "$(BUILT_PRODUCTS_DIR)/MovEd1.app/MovEd1";
				CLANG_CXX_LIBRARY = "libc++";
				FRAMEWORK_SEARCH_PATHS = (
					"\"$(SDKROOT)/Developer/Library/Frameworks\"",
					"\"$(DEVELOPER_LIBRARY_DIR)/Frameworks\"",
				);
				GCC_PRECOMPILE_PREFIX_HEADER = YES;
				GCC_PREFIX_HEADER = "MovEd1/MovEd1-Prefix.pch";
				GCC_VERSION = com.apple.compilers.llvm.clang.1_0;
				INFOPLIST_FILE = "MovEd1Tests/MovEd1Tests-Info.plist";
				PRODUCT_NAME = "$(TARGET_NAME)";
				TEST_HOST = "$(BUNDLE_LOADER)";
				WRAPPER_EXTENSION = octest;
			};
			name = Release;
		};
/* End XCBuildConfiguration section */

/* Begin XCConfigurationList section */
		F4D17463172EE38F00169795 /* Build configuration list for PBXProject "MovEd1" */ = {
			isa = XCConfigurationList;
			buildConfigurations = (
				F4D174A1172EE39000169795 /* Debug */,
				F4D174A2172EE39000169795 /* Release */,
			);
			defaultConfigurationIsVisible = 0;
			defaultConfigurationName = Release;
		};
		F4D174A3172EE39000169795 /* Build configuration list for PBXNativeTarget "MovEd1" */ = {
			isa = XCConfigurationList;
			buildConfigurations = (
				F4D174A4172EE39000169795 /* Debug */,
				F4D174A5172EE39000169795 /* Release */,
			);
			defaultConfigurationIsVisible = 0;
			defaultConfigurationName = Release;
		};
		F4D174A6172EE39000169795 /* Build configuration list for PBXNativeTarget "MovEd1Tests" */ = {
			isa = XCConfigurationList;
			buildConfigurations = (
				F4D174A7172EE39000169795 /* Debug */,
				F4D174A8172EE39000169795 /* Release */,
			);
			defaultConfigurationIsVisible = 0;
			defaultConfigurationName = Release;
		};
/* End XCConfigurationList section */
	};
	rootObject = F4D17460172EE38F00169795 /* Project object */;
}
